
Microsoft Visual Studio Solution File, Format Version 12.00
# Visual Studio Version 16
VisualStudioVersion = 16.0.31911.196
MinimumVisualStudioVersion = 10.0.40219.1
Project("{8BC9CEB8-8B4A-11D0-8D11-00A0C91BC942}") = "cuBLAS", "cuBLAS\cuBLAS.vcxproj", "{89F74C17-F614-4516-B235-11A8EC708CA0}"
EndProject
Global
	GlobalSection(SolutionConfigurationPlatforms) = preSolution
		Debug|x64 = Debug|x64
		Debug|x86 = Debug|x86
		Release|x64 = Release|x64
		Release|x86 = Release|x86
	EndGlobalSection
	GlobalSection(ProjectConfigurationPlatforms) = postSolution
		{89F74C17-F614-4516-B235-11A8EC708CA0}.Debug|x64.ActiveCfg = Debug|x64
		{89F74C17-F614-4516-B235-11A8EC708CA0}.Debug|x64.Build.0 = Debug|x64
		{89F74C17-F614-4516-B235-11A8EC708CA0}.Debug|x86.ActiveCfg = Debug|Win32
		{89F74C17-F614-4516-B235-11A8EC708CA0}.Debug|x86.Build.0 = Debug|Win32
		{89F74C17-F614-4516-B235-11A8EC708CA0}.Release|x64.ActiveCfg = Release|x64
		{89F74C17-F614-4516-B235-11A8EC708CA0}.Release|x64.Build.0 = Release|x64
		{89F74C17-F614-4516-B235-11A8EC708CA0}.Release|x86.ActiveCfg = Release|Win32
		{89F74C17-F614-4516-B235-11A8EC708CA0}.Release|x86.Build.0 = Release|Win32
	EndGlobalSection
	GlobalSection(SolutionProperties) = preSolution
		HideSolutionNode = FALSE
	EndGlobalSection
	GlobalSection(ExtensibilityGlobals) = postSolution
		SolutionGuid = {B2D4D5FF-BD76-4DF5-AC6F-34D8DFD55B1F}
	EndGlobalSection
EndGlobal
